
Microsoft Visual Studio Solution File, Format Version 12.00
# Visual Studio Version 16
VisualStudioVersion = 16.0.29709.97
MinimumVisualStudioVersion = 10.0.40219.1
Project("{9A19103F-16F7-4668-BE54-9A1E7A4F7556}") = "OperationRateLimiter", "OperationRateLimiter\OperationRateLimiter.csproj", "{66F9EAAA-CFB9-45BA-B229-E0E19B2BBC37}"
EndProject
Project("{9A19103F-16F7-4668-BE54-9A1E7A4F7556}") = "OperationRateLimiter.Example", "OperationRateLimiter.Example\OperationRateLimiter.Example.csproj", "{BA249F4E-C960-4ECE-846F-F57C707ABBC6}"
EndProject
Project("{9A19103F-16F7-4668-BE54-9A1E7A4F7556}") = "OperationRateLimiter.Tests", "OperationRateLimiter.Tests\OperationRateLimiter.Tests.csproj", "{11C469C0-1438-4499-9C95-BFEFC6CD2E54}"
EndProject
Project("{2150E333-8FDC-42A3-9474-1A3956D46DE8}") = "Solution Items", "Solution Items", "{FD0B7ABD-92B1-4089-8D2A-614F95316174}"
	ProjectSection(SolutionItems) = preProject
		.gitattributes = .gitattributes
		.gitignore = .gitignore
		README.md = README.md
	EndProjectSection
EndProject
Global
	GlobalSection(SolutionConfigurationPlatforms) = preSolution
		Debug|Any CPU = Debug|Any CPU
		Release|Any CPU = Release|Any CPU
	EndGlobalSection
	GlobalSection(ProjectConfigurationPlatforms) = postSolution
		{66F9EAAA-CFB9-45BA-B229-E0E19B2BBC37}.Debug|Any CPU.ActiveCfg = Debug|Any CPU
		{66F9EAAA-CFB9-45BA-B229-E0E19B2BBC37}.Debug|Any CPU.Build.0 = Debug|Any CPU
		{66F9EAAA-CFB9-45BA-B229-E0E19B2BBC37}.Release|Any CPU.ActiveCfg = Release|Any CPU
		{66F9EAAA-CFB9-45BA-B229-E0E19B2BBC37}.Release|Any CPU.Build.0 = Release|Any CPU
		{BA249F4E-C960-4ECE-846F-F57C707ABBC6}.Debug|Any CPU.ActiveCfg = Debug|Any CPU
		{BA249F4E-C960-4ECE-846F-F57C707ABBC6}.Debug|Any CPU.Build.0 = Debug|Any CPU
		{BA249F4E-C960-4ECE-846F-F57C707ABBC6}.Release|Any CPU.ActiveCfg = Release|Any CPU
		{BA249F4E-C960-4ECE-846F-F57C707ABBC6}.Release|Any CPU.Build.0 = Release|Any CPU
		{11C469C0-1438-4499-9C95-BFEFC6CD2E54}.Debug|Any CPU.ActiveCfg = Debug|Any CPU
		{11C469C0-1438-4499-9C95-BFEFC6CD2E54}.Debug|Any CPU.Build.0 = Debug|Any CPU
		{11C469C0-1438-4499-9C95-BFEFC6CD2E54}.Release|Any CPU.ActiveCfg = Release|Any CPU
		{11C469C0-1438-4499-9C95-BFEFC6CD2E54}.Release|Any CPU.Build.0 = Release|Any CPU
	EndGlobalSection
	GlobalSection(SolutionProperties) = preSolution
		HideSolutionNode = FALSE
	EndGlobalSection
	GlobalSection(ExtensibilityGlobals) = postSolution
		SolutionGuid = {9FDE2B49-73A4-417F-921B-7A53EA66F6A8}
	EndGlobalSection
EndGlobal
